
Microsoft Visual Studio Solution File, Format Version 12.00
# Visual Studio 16
VisualStudioVersion = 16.0.0.0
MinimumVisualStudioVersion = 16.0.0.0
Project("{FAE04EC0-301F-11D3-BF4B-00C04F79EFBC}") = "Stride_MultipleAnim_Test.Windows", "Stride_MultipleAnim_Test.Windows\Stride_MultipleAnim_Test.Windows.csproj", "{3AABEE5B-92BA-4AD4-B818-1A45365322AD}"
EndProject
Project("{FAE04EC0-301F-11D3-BF4B-00C04F79EFBC}") = "Stride_MultipleAnim_Test", "Stride_MultipleAnim_Test\Stride_MultipleAnim_Test.csproj", "{085ADF16-A0B4-46C0-BEE5-3B2B2320FC61}"
EndProject
Global
EndGlobal
